// !$*UTF8*$!
{
	archiveVersion = 1;
	classes = {
	};
	objectVersion = 50;
	objects = {

/* Begin PBXBuildFile section */
		9946CC5523EDACE300B01D7E /* main.cpp in Sources */ = {isa = PBXBuildFile; fileRef = 9946CC5423EDACE300B01D7E /* main.cpp */; };
		99BE557E23F156D40013D7F5 /* FileSystem.cpp in Sources */ = {isa = PBXBuildFile; fileRef = 99BE557C23F156D40013D7F5 /* FileSystem.cpp */; };
		99BE558423F168B80013D7F5 /* Persistance.cpp in Sources */ = {isa = PBXBuildFile; fileRef = 99BE558223F168B80013D7F5 /* Persistance.cpp */; };
		99BE558923F1A1A60013D7F5 /* DBDriver.cpp in Sources */ = {isa = PBXBuildFile; fileRef = 99BE558723F1A1A60013D7F5 /* DBDriver.cpp */; };
		99BE558C23F1A7BF0013D7F5 /* CSVDriver.cpp in Sources */ = {isa = PBXBuildFile; fileRef = 99BE558A23F1A7BF0013D7F5 /* CSVDriver.cpp */; };
/* End PBXBuildFile section */

/* Begin PBXCopyFilesBuildPhase section */
		9946CC4F23EDACE300B01D7E /* CopyFiles */ = {
			isa = PBXCopyFilesBuildPhase;
			buildActionMask = 2147483647;
			dstPath = /usr/share/man/man1/;
			dstSubfolderSpec = 0;
			files = (
			);
			runOnlyForDeploymentPostprocessing = 1;
		};
/* End PBXCopyFilesBuildPhase section */

/* Begin PBXFileReference section */
		9946CC5123EDACE300B01D7E /* csv-persistance */ = {isa = PBXFileReference; explicitFileType = "compiled.mach-o.executable"; includeInIndex = 0; path = "csv-persistance"; sourceTree = BUILT_PRODUCTS_DIR; };
		9946CC5423EDACE300B01D7E /* main.cpp */ = {isa = PBXFileReference; lastKnownFileType = sourcecode.cpp.cpp; path = main.cpp; sourceTree = "<group>"; };
		99BE557C23F156D40013D7F5 /* FileSystem.cpp */ = {isa = PBXFileReference; lastKnownFileType = sourcecode.cpp.cpp; path = FileSystem.cpp; sourceTree = "<group>"; };
		99BE557D23F156D40013D7F5 /* FileSystem.hpp */ = {isa = PBXFileReference; lastKnownFileType = sourcecode.cpp.h; path = FileSystem.hpp; sourceTree = "<group>"; };
		99BE558223F168B80013D7F5 /* Persistance.cpp */ = {isa = PBXFileReference; lastKnownFileType = sourcecode.cpp.cpp; path = Persistance.cpp; sourceTree = "<group>"; };
		99BE558323F168B80013D7F5 /* Persistance.hpp */ = {isa = PBXFileReference; lastKnownFileType = sourcecode.cpp.h; path = Persistance.hpp; sourceTree = "<group>"; };
		99BE558723F1A1A60013D7F5 /* DBDriver.cpp */ = {isa = PBXFileReference; lastKnownFileType = sourcecode.cpp.cpp; path = DBDriver.cpp; sourceTree = "<group>"; };
		99BE558823F1A1A60013D7F5 /* DBDriver.hpp */ = {isa = PBXFileReference; lastKnownFileType = sourcecode.cpp.h; path = DBDriver.hpp; sourceTree = "<group>"; };
		99BE558A23F1A7BF0013D7F5 /* CSVDriver.cpp */ = {isa = PBXFileReference; lastKnownFileType = sourcecode.cpp.cpp; path = CSVDriver.cpp; sourceTree = "<group>"; };
		99BE558B23F1A7BF0013D7F5 /* CSVDriver.hpp */ = {isa = PBXFileReference; lastKnownFileType = sourcecode.cpp.h; path = CSVDriver.hpp; sourceTree = "<group>"; };
		99BE558D23F1C1310013D7F5 /* README.md */ = {isa = PBXFileReference; lastKnownFileType = net.daringfireball.markdown; path = README.md; sourceTree = "<group>"; };
/* End PBXFileReference section */

/* Begin PBXFrameworksBuildPhase section */
		9946CC4E23EDACE300B01D7E /* Frameworks */ = {
			isa = PBXFrameworksBuildPhase;
			buildActionMask = 2147483647;
			files = (
			);
			runOnlyForDeploymentPostprocessing = 0;
		};
/* End PBXFrameworksBuildPhase section */

/* Begin PBXGroup section */
		9946CC4823EDACE300B01D7E = {
			isa = PBXGroup;
			children = (
				99BE558D23F1C1310013D7F5 /* README.md */,
				9946CC5323EDACE300B01D7E /* csv-persistance */,
				9946CC5223EDACE300B01D7E /* Products */,
			);
			sourceTree = "<group>";
		};
		9946CC5223EDACE300B01D7E /* Products */ = {
			isa = PBXGroup;
			children = (
				9946CC5123EDACE300B01D7E /* csv-persistance */,
			);
			name = Products;
			sourceTree = "<group>";
		};
		9946CC5323EDACE300B01D7E /* csv-persistance */ = {
			isa = PBXGroup;
			children = (
				99BE558623F1A1350013D7F5 /* L2 */,
				99BE558523F16A660013D7F5 /* L1 */,
				9946CC5423EDACE300B01D7E /* main.cpp */,
			);
			path = "csv-persistance";
			sourceTree = "<group>";
		};
		99BE558523F16A660013D7F5 /* L1 */ = {
			isa = PBXGroup;
			children = (
				99BE557C23F156D40013D7F5 /* FileSystem.cpp */,
				99BE557D23F156D40013D7F5 /* FileSystem.hpp */,
				99BE558223F168B80013D7F5 /* Persistance.cpp */,
				99BE558323F168B80013D7F5 /* Persistance.hpp */,
			);
			path = L1;
			sourceTree = "<group>";
		};
		99BE558623F1A1350013D7F5 /* L2 */ = {
			isa = PBXGroup;
			children = (
				99BE558723F1A1A60013D7F5 /* DBDriver.cpp */,
				99BE558823F1A1A60013D7F5 /* DBDriver.hpp */,
				99BE558A23F1A7BF0013D7F5 /* CSVDriver.cpp */,
				99BE558B23F1A7BF0013D7F5 /* CSVDriver.hpp */,
			);
			path = L2;
			sourceTree = "<group>";
		};
/* End PBXGroup section */

/* Begin PBXNativeTarget section */
		9946CC5023EDACE300B01D7E /* csv-persistance */ = {
			isa = PBXNativeTarget;
			buildConfigurationList = 9946CC5823EDACE300B01D7E /* Build configuration list for PBXNativeTarget "csv-persistance" */;
			buildPhases = (
				9946CC4D23EDACE300B01D7E /* Sources */,
				9946CC4E23EDACE300B01D7E /* Frameworks */,
				9946CC4F23EDACE300B01D7E /* CopyFiles */,
			);
			buildRules = (
			);
			dependencies = (
			);
			name = "csv-persistance";
			productName = "csv-persistance";
			productReference = 9946CC5123EDACE300B01D7E /* csv-persistance */;
			productType = "com.apple.product-type.tool";
		};
/* End PBXNativeTarget section */

/* Begin PBXProject section */
		9946CC4923EDACE300B01D7E /* Project object */ = {
			isa = PBXProject;
			attributes = {
				LastUpgradeCheck = 1130;
				ORGANIZATIONNAME = "Valeri Hristov";
				TargetAttributes = {
					9946CC5023EDACE300B01D7E = {
						CreatedOnToolsVersion = 11.3.1;
					};
				};
			};
			buildConfigurationList = 9946CC4C23EDACE300B01D7E /* Build configuration list for PBXProject "csv-persistance" */;
			compatibilityVersion = "Xcode 9.3";
			developmentRegion = en;
			hasScannedForEncodings = 0;
			knownRegions = (
				en,
				Base,
			);
			mainGroup = 9946CC4823EDACE300B01D7E;
			productRefGroup = 9946CC5223EDACE300B01D7E /* Products */;
			projectDirPath = "";
			projectRoot = "";
			targets = (
				9946CC5023EDACE300B01D7E /* csv-persistance */,
			);
		};
/* End PBXProject section */

/* Begin PBXSourcesBuildPhase section */
		9946CC4D23EDACE300B01D7E /* Sources */ = {
			isa = PBXSourcesBuildPhase;
			buildActionMask = 2147483647;
			files = (
				99BE557E23F156D40013D7F5 /* FileSystem.cpp in Sources */,
				99BE558423F168B80013D7F5 /* Persistance.cpp in Sources */,
				99BE558C23F1A7BF0013D7F5 /* CSVDriver.cpp in Sources */,
				9946CC5523EDACE300B01D7E /* main.cpp in Sources */,
				99BE558923F1A1A60013D7F5 /* DBDriver.cpp in Sources */,
			);
			runOnlyForDeploymentPostprocessing = 0;
		};
/* End PBXSourcesBuildPhase section */

/* Begin XCBuildConfiguration section */
		9946CC5623EDACE300B01D7E /* Debug */ = {
			isa = XCBuildConfiguration;
			buildSettings = {
				ALWAYS_SEARCH_USER_PATHS = NO;
				CLANG_ANALYZER_NONNULL = YES;
				CLANG_ANALYZER_NUMBER_OBJECT_CONVERSION = YES_AGGRESSIVE;
				CLANG_CXX_LANGUAGE_STANDARD = "gnu++14";
				CLANG_CXX_LIBRARY = "libc++";
				CLANG_ENABLE_MODULES = YES;
				CLANG_ENABLE_OBJC_ARC = YES;
				CLANG_ENABLE_OBJC_WEAK = YES;
				CLANG_WARN_BLOCK_CAPTURE_AUTORELEASING = YES;
				CLANG_WARN_BOOL_CONVERSION = YES;
				CLANG_WARN_COMMA = YES;
				CLANG_WARN_CONSTANT_CONVERSION = YES;
				CLANG_WARN_DEPRECATED_OBJC_IMPLEMENTATIONS = YES;
				CLANG_WARN_DIRECT_OBJC_ISA_USAGE = YES_ERROR;
				CLANG_WARN_DOCUMENTATION_COMMENTS = YES;
				CLANG_WARN_EMPTY_BODY = YES;
				CLANG_WARN_ENUM_CONVERSION = YES;
				CLANG_WARN_INFINITE_RECURSION = YES;
				CLANG_WARN_INT_CONVERSION = YES;
				CLANG_WARN_NON_LITERAL_NULL_CONVERSION = YES;
				CLANG_WARN_OBJC_IMPLICIT_RETAIN_SELF = YES;
				CLANG_WARN_OBJC_LITERAL_CONVERSION = YES;
				CLANG_WARN_OBJC_ROOT_CLASS = YES_ERROR;
				CLANG_WARN_RANGE_LOOP_ANALYSIS = YES;
				CLANG_WARN_STRICT_PROTOTYPES = YES;
				CLANG_WARN_SUSPICIOUS_MOVE = YES;
				CLANG_WARN_UNGUARDED_AVAILABILITY = YES_AGGRESSIVE;
				CLANG_WARN_UNREACHABLE_CODE = YES;
				CLANG_WARN__DUPLICATE_METHOD_MATCH = YES;
				COPY_PHASE_STRIP = NO;
				DEBUG_INFORMATION_FORMAT = dwarf;
				ENABLE_STRICT_OBJC_MSGSEND = YES;
				ENABLE_TESTABILITY = YES;
				GCC_C_LANGUAGE_STANDARD = gnu11;
				GCC_DYNAMIC_NO_PIC = NO;
				GCC_NO_COMMON_BLOCKS = YES;
				GCC_OPTIMIZATION_LEVEL = 0;
				GCC_PREPROCESSOR_DEFINITIONS = (
					"DEBUG=1",
					"$(inherited)",
				);
				GCC_WARN_64_TO_32_BIT_CONVERSION = YES;
				GCC_WARN_ABOUT_RETURN_TYPE = YES_ERROR;
				GCC_WARN_UNDECLARED_SELECTOR = YES;
				GCC_WARN_UNINITIALIZED_AUTOS = YES_AGGRESSIVE;
				GCC_WARN_UNUSED_FUNCTION = YES;
				GCC_WARN_UNUSED_VARIABLE = YES;
				MACOSX_DEPLOYMENT_TARGET = 10.15;
				MTL_ENABLE_DEBUG_INFO = INCLUDE_SOURCE;
				MTL_FAST_MATH = YES;
				ONLY_ACTIVE_ARCH = YES;
				SDKROOT = macosx;
			};
			name = Debug;
		};
		9946CC5723EDACE300B01D7E /* Release */ = {
			isa = XCBuildConfiguration;
			buildSettings = {
				ALWAYS_SEARCH_USER_PATHS = NO;
				CLANG_ANALYZER_NONNULL = YES;
				CLANG_ANALYZER_NUMBER_OBJECT_CONVERSION = YES_AGGRESSIVE;
				CLANG_CXX_LANGUAGE_STANDARD = "gnu++14";
				CLANG_CXX_LIBRARY = "libc++";
				CLANG_ENABLE_MODULES = YES;
				CLANG_ENABLE_OBJC_ARC = YES;
				CLANG_ENABLE_OBJC_WEAK = YES;
				CLANG_WARN_BLOCK_CAPTURE_AUTORELEASING = YES;
				CLANG_WARN_BOOL_CONVERSION = YES;
				CLANG_WARN_COMMA = YES;
				CLANG_WARN_CONSTANT_CONVERSION = YES;
				CLANG_WARN_DEPRECATED_OBJC_IMPLEMENTATIONS = YES;
				CLANG_WARN_DIRECT_OBJC_ISA_USAGE = YES_ERROR;
				CLANG_WARN_DOCUMENTATION_COMMENTS = YES;
				CLANG_WARN_EMPTY_BODY = YES;
				CLANG_WARN_ENUM_CONVERSION = YES;
				CLANG_WARN_INFINITE_RECURSION = YES;
				CLANG_WARN_INT_CONVERSION = YES;
				CLANG_WARN_NON_LITERAL_NULL_CONVERSION = YES;
				CLANG_WARN_OBJC_IMPLICIT_RETAIN_SELF = YES;
				CLANG_WARN_OBJC_LITERAL_CONVERSION = YES;
				CLANG_WARN_OBJC_ROOT_CLASS = YES_ERROR;
				CLANG_WARN_RANGE_LOOP_ANALYSIS = YES;
				CLANG_WARN_STRICT_PROTOTYPES = YES;
				CLANG_WARN_SUSPICIOUS_MOVE = YES;
				CLANG_WARN_UNGUARDED_AVAILABILITY = YES_AGGRESSIVE;
				CLANG_WARN_UNREACHABLE_CODE = YES;
				CLANG_WARN__DUPLICATE_METHOD_MATCH = YES;
				COPY_PHASE_STRIP = NO;
				DEBUG_INFORMATION_FORMAT = "dwarf-with-dsym";
				ENABLE_NS_ASSERTIONS = NO;
				ENABLE_STRICT_OBJC_MSGSEND = YES;
				GCC_C_LANGUAGE_STANDARD = gnu11;
				GCC_NO_COMMON_BLOCKS = YES;
				GCC_WARN_64_TO_32_BIT_CONVERSION = YES;
				GCC_WARN_ABOUT_RETURN_TYPE = YES_ERROR;
				GCC_WARN_UNDECLARED_SELECTOR = YES;
				GCC_WARN_UNINITIALIZED_AUTOS = YES_AGGRESSIVE;
				GCC_WARN_UNUSED_FUNCTION = YES;
				GCC_WARN_UNUSED_VARIABLE = YES;
				MACOSX_DEPLOYMENT_TARGET = 10.15;
				MTL_ENABLE_DEBUG_INFO = NO;
				MTL_FAST_MATH = YES;
				SDKROOT = macosx;
			};
			name = Release;
		};
		9946CC5923EDACE300B01D7E /* Debug */ = {
			isa = XCBuildConfiguration;
			buildSettings = {
				CODE_SIGN_STYLE = Automatic;
				PRODUCT_NAME = "$(TARGET_NAME)";
			};
			name = Debug;
		};
		9946CC5A23EDACE300B01D7E /* Release */ = {
			isa = XCBuildConfiguration;
			buildSettings = {
				CODE_SIGN_STYLE = Automatic;
				PRODUCT_NAME = "$(TARGET_NAME)";
			};
			name = Release;
		};
/* End XCBuildConfiguration section */

/* Begin XCConfigurationList section */
		9946CC4C23EDACE300B01D7E /* Build configuration list for PBXProject "csv-persistance" */ = {
			isa = XCConfigurationList;
			buildConfigurations = (
				9946CC5623EDACE300B01D7E /* Debug */,
				9946CC5723EDACE300B01D7E /* Release */,
			);
			defaultConfigurationIsVisible = 0;
			defaultConfigurationName = Release;
		};
		9946CC5823EDACE300B01D7E /* Build configuration list for PBXNativeTarget "csv-persistance" */ = {
			isa = XCConfigurationList;
			buildConfigurations = (
				9946CC5923EDACE300B01D7E /* Debug */,
				9946CC5A23EDACE300B01D7E /* Release */,
			);
			defaultConfigurationIsVisible = 0;
			defaultConfigurationName = Release;
		};
/* End XCConfigurationList section */
	};
	rootObject = 9946CC4923EDACE300B01D7E /* Project object */;
}
